
Microsoft Visual Studio Solution File, Format Version 12.00
# Visual Studio Version 17
VisualStudioVersion = 17.0.31903.59
MinimumVisualStudioVersion = 10.0.40219.1
Project("{2150E333-8FDC-42A3-9474-1A3956D46DE8}") = "Src", "Src", "{DA0DBF34-9D2B-470A-B1B0-3246597ECC7F}"
EndProject
Project("{FAE04EC0-301F-11D3-BF4B-00C04F79EFBC}") = "Worker_Service", "Src\Worker_Service\Worker_Service.csproj", "{DD0355C0-7ACB-4E9F-9C03-4556DBB5A376}"
EndProject
Global
	GlobalSection(SolutionConfigurationPlatforms) = preSolution
		Debug|Any CPU = Debug|Any CPU
		Release|Any CPU = Release|Any CPU
	EndGlobalSection
	GlobalSection(SolutionProperties) = preSolution
		HideSolutionNode = FALSE
	EndGlobalSection
	GlobalSection(ProjectConfigurationPlatforms) = postSolution
		{DD0355C0-7ACB-4E9F-9C03-4556DBB5A376}.Debug|Any CPU.ActiveCfg = Debug|Any CPU
		{DD0355C0-7ACB-4E9F-9C03-4556DBB5A376}.Debug|Any CPU.Build.0 = Debug|Any CPU
		{DD0355C0-7ACB-4E9F-9C03-4556DBB5A376}.Release|Any CPU.ActiveCfg = Release|Any CPU
		{DD0355C0-7ACB-4E9F-9C03-4556DBB5A376}.Release|Any CPU.Build.0 = Release|Any CPU
	EndGlobalSection
	GlobalSection(NestedProjects) = preSolution
		{DD0355C0-7ACB-4E9F-9C03-4556DBB5A376} = {DA0DBF34-9D2B-470A-B1B0-3246597ECC7F}
	EndGlobalSection
EndGlobal
